
Microsoft Visual Studio Solution File, Format Version 11.00
# Visual Studio 2010
Project("{FAE04EC0-301F-11D3-BF4B-00C04F79EFBC}") = "CrossBox.Core", "CrossBox.Core\CrossBox.Core.csproj", "{C7B6356E-11D6-4F4F-94BF-B65A21891A78}"
EndProject
Project("{FAE04EC0-301F-11D3-BF4B-00C04F79EFBC}") = "CrossBox.Core.Tests", "CrossBox.Core.Tests\CrossBox.Core.Tests.csproj", "{5C63A26A-B4CE-4CD4-BE2D-876185E8268E}"
EndProject
Project("{FAE04EC0-301F-11D3-BF4B-00C04F79EFBC}") = "CrossBox.UI.WP7", "CrossBox.UI.WP7\CrossBox.UI.WP7.csproj", "{8FE7D614-E2A7-4B62-94EA-98D23558220F}"
EndProject
Project("{FAE04EC0-301F-11D3-BF4B-00C04F79EFBC}") = "CrossBox.Core.WP7", "CrossBox.Core\CrossBox.Core.WP7.csproj", "{925A0EF3-80C3-4452-A3DD-B383078A8824}"
EndProject
Project("{FAE04EC0-301F-11D3-BF4B-00C04F79EFBC}") = "CrossBox.Core.Android", "CrossBox.Core\CrossBox.Core.Android.csproj", "{CFE5B685-7CB0-46E4-ABE3-99F1E70A470E}"
EndProject
Project("{FAE04EC0-301F-11D3-BF4B-00C04F79EFBC}") = "CrossBox.Ui.Android", "CrossBox.Ui.Android\CrossBox.Ui.Android.csproj", "{A48324CB-A666-4CBD-9454-03188C79FAA4}"
EndProject
Global
	GlobalSection(SolutionConfigurationPlatforms) = preSolution
		Debug|Any CPU = Debug|Any CPU
		Release|Any CPU = Release|Any CPU
	EndGlobalSection
	GlobalSection(ProjectConfigurationPlatforms) = postSolution
		{C7B6356E-11D6-4F4F-94BF-B65A21891A78}.Debug|Any CPU.ActiveCfg = Debug|Any CPU
		{C7B6356E-11D6-4F4F-94BF-B65A21891A78}.Debug|Any CPU.Build.0 = Debug|Any CPU
		{C7B6356E-11D6-4F4F-94BF-B65A21891A78}.Release|Any CPU.ActiveCfg = Release|Any CPU
		{C7B6356E-11D6-4F4F-94BF-B65A21891A78}.Release|Any CPU.Build.0 = Release|Any CPU
		{5C63A26A-B4CE-4CD4-BE2D-876185E8268E}.Debug|Any CPU.ActiveCfg = Debug|Any CPU
		{5C63A26A-B4CE-4CD4-BE2D-876185E8268E}.Debug|Any CPU.Build.0 = Debug|Any CPU
		{5C63A26A-B4CE-4CD4-BE2D-876185E8268E}.Release|Any CPU.ActiveCfg = Release|Any CPU
		{5C63A26A-B4CE-4CD4-BE2D-876185E8268E}.Release|Any CPU.Build.0 = Release|Any CPU
		{8FE7D614-E2A7-4B62-94EA-98D23558220F}.Debug|Any CPU.ActiveCfg = Debug|Any CPU
		{8FE7D614-E2A7-4B62-94EA-98D23558220F}.Debug|Any CPU.Build.0 = Debug|Any CPU
		{8FE7D614-E2A7-4B62-94EA-98D23558220F}.Release|Any CPU.ActiveCfg = Release|Any CPU
		{8FE7D614-E2A7-4B62-94EA-98D23558220F}.Release|Any CPU.Build.0 = Release|Any CPU
		{8FE7D614-E2A7-4B62-94EA-98D23558220F}.Release|Any CPU.Deploy.0 = Release|Any CPU
		{925A0EF3-80C3-4452-A3DD-B383078A8824}.Debug|Any CPU.ActiveCfg = Debug|Any CPU
		{925A0EF3-80C3-4452-A3DD-B383078A8824}.Debug|Any CPU.Build.0 = Debug|Any CPU
		{925A0EF3-80C3-4452-A3DD-B383078A8824}.Release|Any CPU.ActiveCfg = Release|Any CPU
		{925A0EF3-80C3-4452-A3DD-B383078A8824}.Release|Any CPU.Build.0 = Release|Any CPU
		{CFE5B685-7CB0-46E4-ABE3-99F1E70A470E}.Debug|Any CPU.ActiveCfg = Debug|Any CPU
		{CFE5B685-7CB0-46E4-ABE3-99F1E70A470E}.Debug|Any CPU.Build.0 = Debug|Any CPU
		{CFE5B685-7CB0-46E4-ABE3-99F1E70A470E}.Release|Any CPU.ActiveCfg = Release|Any CPU
		{CFE5B685-7CB0-46E4-ABE3-99F1E70A470E}.Release|Any CPU.Build.0 = Release|Any CPU
		{A48324CB-A666-4CBD-9454-03188C79FAA4}.Debug|Any CPU.ActiveCfg = Debug|Any CPU
		{A48324CB-A666-4CBD-9454-03188C79FAA4}.Debug|Any CPU.Build.0 = Debug|Any CPU
		{A48324CB-A666-4CBD-9454-03188C79FAA4}.Debug|Any CPU.Deploy.0 = Debug|Any CPU
		{A48324CB-A666-4CBD-9454-03188C79FAA4}.Release|Any CPU.ActiveCfg = Release|Any CPU
		{A48324CB-A666-4CBD-9454-03188C79FAA4}.Release|Any CPU.Build.0 = Release|Any CPU
		{A48324CB-A666-4CBD-9454-03188C79FAA4}.Release|Any CPU.Deploy.0 = Release|Any CPU
	EndGlobalSection
	GlobalSection(SolutionProperties) = preSolution
		HideSolutionNode = FALSE
	EndGlobalSection
EndGlobal
