
Microsoft Visual Studio Solution File, Format Version 11.00
# Visual Studio 2010
Project("{FAE04EC0-301F-11D3-BF4B-00C04F79EFBC}") = "CrossBox.Core.iOS", "CrossBox.Core\CrossBox.Core.iOS.csproj", "{32AC9D00-EF2A-49EA-9FD4-DF8CC140DC3B}"
EndProject
Project("{FAE04EC0-301F-11D3-BF4B-00C04F79EFBC}") = "CrossBox.UI.iOS", "CrossBox.UI.iOS\CrossBox.UI.iOS.csproj", "{0BA86B2C-A920-4D69-9982-24D1A27728E7}"
EndProject
Global
	GlobalSection(SolutionConfigurationPlatforms) = preSolution
		Debug|Any CPU = Debug|Any CPU
		Release|Any CPU = Release|Any CPU
		Debug|iPhoneSimulator = Debug|iPhoneSimulator
		Release|iPhoneSimulator = Release|iPhoneSimulator
		Debug|iPhone = Debug|iPhone
		Release|iPhone = Release|iPhone
		Ad-Hoc|iPhone = Ad-Hoc|iPhone
		AppStore|iPhone = AppStore|iPhone
	EndGlobalSection
	GlobalSection(ProjectConfigurationPlatforms) = postSolution
		{0BA86B2C-A920-4D69-9982-24D1A27728E7}.Ad-Hoc|iPhone.ActiveCfg = Ad-Hoc|iPhone
		{0BA86B2C-A920-4D69-9982-24D1A27728E7}.Ad-Hoc|iPhone.Build.0 = Ad-Hoc|iPhone
		{0BA86B2C-A920-4D69-9982-24D1A27728E7}.AppStore|iPhone.ActiveCfg = AppStore|iPhone
		{0BA86B2C-A920-4D69-9982-24D1A27728E7}.AppStore|iPhone.Build.0 = AppStore|iPhone
		{0BA86B2C-A920-4D69-9982-24D1A27728E7}.Debug|Any CPU.ActiveCfg = Debug|iPhoneSimulator
		{0BA86B2C-A920-4D69-9982-24D1A27728E7}.Debug|Any CPU.Build.0 = Debug|iPhoneSimulator
		{0BA86B2C-A920-4D69-9982-24D1A27728E7}.Debug|iPhone.ActiveCfg = Debug|iPhone
		{0BA86B2C-A920-4D69-9982-24D1A27728E7}.Debug|iPhone.Build.0 = Debug|iPhone
		{0BA86B2C-A920-4D69-9982-24D1A27728E7}.Debug|iPhoneSimulator.ActiveCfg = Debug|iPhoneSimulator
		{0BA86B2C-A920-4D69-9982-24D1A27728E7}.Debug|iPhoneSimulator.Build.0 = Debug|iPhoneSimulator
		{0BA86B2C-A920-4D69-9982-24D1A27728E7}.Release|Any CPU.ActiveCfg = Release|iPhoneSimulator
		{0BA86B2C-A920-4D69-9982-24D1A27728E7}.Release|Any CPU.Build.0 = Release|iPhoneSimulator
		{0BA86B2C-A920-4D69-9982-24D1A27728E7}.Release|iPhone.ActiveCfg = Release|iPhone
		{0BA86B2C-A920-4D69-9982-24D1A27728E7}.Release|iPhone.Build.0 = Release|iPhone
		{0BA86B2C-A920-4D69-9982-24D1A27728E7}.Release|iPhoneSimulator.ActiveCfg = Release|iPhoneSimulator
		{0BA86B2C-A920-4D69-9982-24D1A27728E7}.Release|iPhoneSimulator.Build.0 = Release|iPhoneSimulator
		{32AC9D00-EF2A-49EA-9FD4-DF8CC140DC3B}.Debug|Any CPU.ActiveCfg = Debug|Any CPU
		{32AC9D00-EF2A-49EA-9FD4-DF8CC140DC3B}.Debug|Any CPU.Build.0 = Debug|Any CPU
		{32AC9D00-EF2A-49EA-9FD4-DF8CC140DC3B}.Release|Any CPU.ActiveCfg = Release|Any CPU
		{32AC9D00-EF2A-49EA-9FD4-DF8CC140DC3B}.Release|Any CPU.Build.0 = Release|Any CPU
	EndGlobalSection
	GlobalSection(MonoDevelopProperties) = preSolution
		StartupItem = CrossBox.Core\CrossBox.Core.iOS.csproj
	EndGlobalSection
EndGlobal
